{
    "_readme": [
        "This file locks the dependencies of your project to a known state",
        "Read more about it at https://getcomposer.org/doc/01-basic-usage.md#composer-lock-the-lock-file",
        "This file is @generated automatically"
    ],
    "hash": "ec9986cfec049bed0daa63f9fcd6a034",
    "content-hash": "1787b4366dea5407a58408cb0dab4b95",
    "packages": [
        {
            "name": "composer/installers",
            "version": "v1.0.22",
            "source": {
                "type": "git",
                "url": "https://github.com/composer/installers.git",
                "reference": "bd9b14f094c89c8b5804a4e41edeb7853bb85046"
            },
            "dist": {
                "type": "zip",
                "url": "https://api.github.com/repos/composer/installers/zipball/bd9b14f094c89c8b5804a4e41edeb7853bb85046",
                "reference": "bd9b14f094c89c8b5804a4e41edeb7853bb85046",
                "shasum": ""
            },
            "require": {
                "composer-plugin-api": "1.0.0"
            },
            "replace": {
                "roundcube/plugin-installer": "*",
                "shama/baton": "*"
            },
            "require-dev": {
                "composer/composer": "1.0.*@dev",
                "phpunit/phpunit": "4.1.*"
            },
            "type": "composer-plugin",
            "extra": {
                "class": "Composer\\Installers\\Plugin",
                "branch-alias": {
                    "dev-master": "1.0-dev"
                }
            },
            "autoload": {
                "psr-0": {
                    "Composer\\Installers\\": "src/"
                }
            },
            "notification-url": "https://packagist.org/downloads/",
            "license": [
                "MIT"
            ],
            "authors": [
                {
                    "name": "Kyle Robinson Young",
                    "email": "kyle@dontkry.com",
                    "homepage": "https://github.com/shama"
                }
            ],
            "description": "A multi-framework Composer library installer",
            "homepage": "http://composer.github.com/installers/",
            "keywords": [
                "Craft",
                "Dolibarr",
                "Hurad",
                "MODX Evo",
                "OXID",
                "SMF",
                "Thelia",
                "WolfCMS",
                "agl",
                "aimeos",
                "annotatecms",
                "bitrix",
                "cakephp",
                "chef",
                "codeigniter",
                "concrete5",
                "croogo",
                "dokuwiki",
                "drupal",
                "elgg",
                "fuelphp",
                "grav",
                "installer",
                "joomla",
                "kohana",
                "laravel",
                "lithium",
                "magento",
                "mako",
                "mediawiki",
                "modulework",
                "moodle",
                "phpbb",
                "piwik",
                "ppi",
                "puppet",
                "roundcube",
                "shopware",
                "silverstripe",
                "symfony",
                "typo3",
                "wordpress",
                "zend",
                "zikula"
            ],
            "time": "2015-10-29 23:28:48"
        },
        {
            "name": "rilwis/meta-box",
            "version": "dev-master",
            "source": {
                "type": "git",
                "url": "https://github.com/rilwis/meta-box.git",
                "reference": "e0c97cb11fd2e6a11a47db0996caa14ea05fcb85"
            },
            "dist": {
                "type": "zip",
                "url": "https://api.github.com/repos/rilwis/meta-box/zipball/e0c97cb11fd2e6a11a47db0996caa14ea05fcb85",
                "reference": "e0c97cb11fd2e6a11a47db0996caa14ea05fcb85",
                "shasum": ""
            },
            "type": "library",
            "autoload": {
                "files": [
                    "meta-box-loader.php"
                ],
                "classmap": [
                    "inc/fields",
                    "inc/common.php",
                    "inc/field.php",
                    "inc/field-multiple-values.php",
                    "inc/validation.php",
                    "inc/helpers.php",
                    "inc/meta-box.php"
                ]
            },
            "notification-url": "https://packagist.org/downloads/",
            "license": [
                "GPL-2.0"
            ],
            "authors": [
                {
                    "name": "Tran Ngoc Tuan Anh",
                    "email": "rilwis@gmail.com",
                    "homepage": "http://www.deluxeblogtips.com/",
                    "role": "Developer"
                }
            ],
            "description": "Easily create custom meta boxes in WordPress.",
            "homepage": "http://metabox.io",
            "keywords": [
                "custom-field",
                "meta-box",
                "select2",
                "ui",
                "wordpress",
                "wordpress-plugin",
                "wp-admin"
            ],
            "time": "2015-11-27 04:47:24"
        },
        {
            "name": "squizlabs/php_codesniffer",
            "version": "2.4.0",
            "source": {
                "type": "git",
                "url": "https://github.com/squizlabs/PHP_CodeSniffer.git",
                "reference": "32a879f4f35019d78d568db2885d7779ca084a33"
            },
            "dist": {
                "type": "zip",
                "url": "https://api.github.com/repos/squizlabs/PHP_CodeSniffer/zipball/32a879f4f35019d78d568db2885d7779ca084a33",
                "reference": "32a879f4f35019d78d568db2885d7779ca084a33",
                "shasum": ""
            },
            "require": {
                "ext-tokenizer": "*",
                "ext-xmlwriter": "*",
                "php": ">=5.1.2"
            },
            "bin": [
                "scripts/phpcs",
                "scripts/phpcbf"
            ],
            "type": "library",
            "extra": {
                "branch-alias": {
                    "dev-master": "2.0.x-dev"
                }
            },
            "autoload": {
                "classmap": [
                    "CodeSniffer.php",
                    "CodeSniffer/CLI.php",
                    "CodeSniffer/Exception.php",
                    "CodeSniffer/File.php",
                    "CodeSniffer/Fixer.php",
                    "CodeSniffer/Report.php",
                    "CodeSniffer/Reporting.php",
                    "CodeSniffer/Sniff.php",
                    "CodeSniffer/Tokens.php",
                    "CodeSniffer/Reports/",
                    "CodeSniffer/Tokenizers/",
                    "CodeSniffer/DocGenerators/",
                    "CodeSniffer/Standards/AbstractPatternSniff.php",
                    "CodeSniffer/Standards/AbstractScopeSniff.php",
                    "CodeSniffer/Standards/AbstractVariableSniff.php",
                    "CodeSniffer/Standards/IncorrectPatternException.php",
                    "CodeSniffer/Standards/Generic/Sniffs/",
                    "CodeSniffer/Standards/MySource/Sniffs/",
                    "CodeSniffer/Standards/PEAR/Sniffs/",
                    "CodeSniffer/Standards/PSR1/Sniffs/",
                    "CodeSniffer/Standards/PSR2/Sniffs/",
                    "CodeSniffer/Standards/Squiz/Sniffs/",
                    "CodeSniffer/Standards/Zend/Sniffs/"
                ]
            },
            "notification-url": "https://packagist.org/downloads/",
            "license": [
                "BSD-3-Clause"
            ],
            "authors": [
                {
                    "name": "Greg Sherwood",
                    "role": "lead"
                }
            ],
            "description": "PHP_CodeSniffer tokenizes PHP, JavaScript and CSS files and detects violations of a defined set of coding standards.",
            "homepage": "http://www.squizlabs.com/php-codesniffer",
            "keywords": [
                "phpcs",
                "standards"
            ],
            "time": "2015-11-23 21:30:59"
        },
        {
            "name": "tareq1988/wordpress-settings-api-class",
            "version": "dev-master",
            "source": {
                "type": "git",
                "url": "https://github.com/tareq1988/wordpress-settings-api-class.git",
                "reference": "ecb2778e17ef5d871f2d13697406d5efed9068ac"
            },
            "dist": {
                "type": "zip",
                "url": "https://api.github.com/repos/tareq1988/wordpress-settings-api-class/zipball/ecb2778e17ef5d871f2d13697406d5efed9068ac",
                "reference": "ecb2778e17ef5d871f2d13697406d5efed9068ac",
                "shasum": ""
            },
            "require": {
                "php": ">=5.2.4"
            },
            "type": "library",
            "autoload": {
                "classmap": [
                    "src/"
                ]
            },
            "notification-url": "https://packagist.org/downloads/",
            "license": [
                "GPLv2"
            ],
            "authors": [
                {
                    "name": "Tareq Hasan",
                    "email": "tareq@wedevs.com",
                    "homepage": "http://tareq.wedevs.com",
                    "role": "Developer"
                }
            ],
            "description": "WordPress settings API Abstraction Class",
            "homepage": "https://github.com/tareq1988/wordpress-settings-api-class",
            "keywords": [
                "settings-api",
                "wordpress",
                "wp"
            ],
            "time": "2015-10-18 08:33:32"
        },
        {
            "name": "wp-coding-standards/wpcs",
            "version": "0.8.0",
            "source": {
                "type": "git",
                "url": "https://github.com/WordPress-Coding-Standards/WordPress-Coding-Standards.git",
                "reference": "b3d4d8eedd8b0b7f4fdf8764df1c8b23ff099334"
            },
            "dist": {
                "type": "zip",
                "url": "https://api.github.com/repos/WordPress-Coding-Standards/WordPress-Coding-Standards/zipball/b3d4d8eedd8b0b7f4fdf8764df1c8b23ff099334",
                "reference": "b3d4d8eedd8b0b7f4fdf8764df1c8b23ff099334",
                "shasum": ""
            },
            "require": {
                "squizlabs/php_codesniffer": "~2.2"
            },
            "type": "library",
            "notification-url": "https://packagist.org/downloads/",
            "license": [
                "MIT"
            ],
            "authors": [
                {
                    "name": "Contributors",
                    "homepage": "https://github.com/WordPress-Coding-Standards/WordPress-Coding-Standards/graphs/contributors"
                }
            ],
            "description": "PHP_CodeSniffer rules (sniffs) to enforce WordPress coding conventions",
            "keywords": [
                "phpcs",
                "standards",
                "wordpress"
            ],
            "time": "2015-10-02 22:20:22"
        }
    ],
    "packages-dev": [],
    "aliases": [],
    "minimum-stability": "stable",
    "stability-flags": {
        "tareq1988/wordpress-settings-api-class": 20,
        "rilwis/meta-box": 20
    },
    "prefer-stable": false,
    "prefer-lowest": false,
    "platform": {
        "php": ">=5.3.0"
    },
    "platform-dev": []
}
